
Microsoft Visual Studio Solution File, Format Version 12.00
# Visual Studio Version 17
VisualStudioVersion = 17.8.34309.116
MinimumVisualStudioVersion = 10.0.40219.1
Project("{FAE04EC0-301F-11D3-BF4B-00C04F79EFBC}") = "TreeView", "TreeView.csproj", "{33116F06-2E36-49A1-B151-A4A6F82677CC}"
EndProject
Global
	GlobalSection(SolutionConfigurationPlatforms) = preSolution
		Debug|Any CPU = Debug|Any CPU
		Release|Any CPU = Release|Any CPU
	EndGlobalSection
	GlobalSection(ProjectConfigurationPlatforms) = postSolution
		{33116F06-2E36-49A1-B151-A4A6F82677CC}.Debug|Any CPU.ActiveCfg = Debug|Any CPU
		{33116F06-2E36-49A1-B151-A4A6F82677CC}.Debug|Any CPU.Build.0 = Debug|Any CPU
		{33116F06-2E36-49A1-B151-A4A6F82677CC}.Release|Any CPU.ActiveCfg = Release|Any CPU
		{33116F06-2E36-49A1-B151-A4A6F82677CC}.Release|Any CPU.Build.0 = Release|Any CPU
	EndGlobalSection
	GlobalSection(SolutionProperties) = preSolution
		HideSolutionNode = FALSE
	EndGlobalSection
	GlobalSection(ExtensibilityGlobals) = postSolution
		SolutionGuid = {1BB661A2-862A-495F-8401-6C1AA91879D0}
	EndGlobalSection
EndGlobal
